<?xml version="1.0" encoding="utf-8"?>
<Project ToolsVersion="4.0" xmlns="http://schemas.microsoft.com/developer/msbuild/2003">
  <ItemGroup>
    <Filter Include="Source Files">
      <UniqueIdentifier>{0fafbe6f-485a-4aba-89c5-a1bff3ad81fa}</UniqueIdentifier>
      <Extensions>cpp;c;cxx;rc;def;r;odl;idl;hpj;bat</Extensions>
    </Filter>
    <Filter Include="Header Files">
      <UniqueIdentifier>{a1cbf6da-fb64-483e-bfeb-30865e46e896}</UniqueIdentifier>
      <Extensions>h;hpp;hxx;hm;inl</Extensions>
    </Filter>
    <Filter Include="Resources">
      <UniqueIdentifier>{7fa9dbb8-268a-4e98-ae09-49c396fba693}</UniqueIdentifier>
    </Filter>
  </ItemGroup>
  <ItemGroup>
    <ClCompile Include="ClientHandler.cpp">
      <Filter>Source Files</Filter>
    </ClCompile>
    <ClCompile Include="DllMain.cpp">
      <Filter>Source Files</Filter>
    </ClCompile>
    <ClCompile Include="GameCommandLine.cpp">
      <Filter>Source Files</Filter>
    </ClCompile>
    <ClCompile Include="GamePacketReceived.cpp">
      <Filter>Source Files</Filter>
    </ClCompile>
    <ClCompile Include="GamePacketSent.cpp">
      <Filter>Source Files</Filter>
    </ClCompile>
    <ClCompile Include="GamePlayerInfoIntercept.cpp">
      <Filter>Source Files</Filter>
    </ClCompile>
    <ClCompile Include="GamePrintFunctions.cpp">
      <Filter>Source Files</Filter>
    </ClCompile>
    <ClCompile Include="GameSendPacketToGame.cpp">
      <Filter>Source Files</Filter>
    </ClCompile>
    <ClCompile Include="GameSendPacketToServer.cpp">
      <Filter>Source Files</Filter>
    </ClCompile>
    <ClCompile Include="HelperFunctions.cpp">
      <Filter>Source Files</Filter>
    </ClCompile>
    <ClCompile Include="IniFileHandlers.cpp">
      <Filter>Source Files</Filter>
    </ClCompile>
    <ClCompile Include="..\Includes\LinkedList\LinkedList.cpp">
      <Filter>Source Files</Filter>
    </ClCompile>
    <ClCompile Include="MemorySearchFunctions.cpp">
      <Filter>Source Files</Filter>
    </ClCompile>
    <ClCompile Include="OtherExportedFunctions.cpp">
      <Filter>Source Files</Filter>
    </ClCompile>
    <ClCompile Include="psapi.cpp">
      <Filter>Source Files</Filter>
    </ClCompile>
    <ClCompile Include="Server20.cpp">
      <Filter>Source Files</Filter>
    </ClCompile>
    <ClCompile Include="ServerStartStop.cpp">
      <Filter>Source Files</Filter>
    </ClCompile>
    <ClCompile Include="TickThread.cpp">
      <Filter>Source Files</Filter>
    </ClCompile>
    <ClCompile Include="toolhelp.cpp">
      <Filter>Source Files</Filter>
    </ClCompile>
    <ClCompile Include="AffectionDef.cpp">
      <Filter>Source Files</Filter>
    </ClCompile>
    <ClCompile Include="AntiDetection.cpp">
      <Filter>Source Files</Filter>
    </ClCompile>
    <ClCompile Include="D2Stdio.cpp">
      <Filter>Source Files</Filter>
    </ClCompile>
    <ClCompile Include="GameKeyDown.cpp">
      <Filter>Source Files</Filter>
    </ClCompile>
    <ClCompile Include="Inventory.cpp">
      <Filter>Source Files</Filter>
    </ClCompile>
    <ClCompile Include="item.cpp">
      <Filter>Source Files</Filter>
    </ClCompile>
    <ClCompile Include="KeyDef.cpp">
      <Filter>Source Files</Filter>
    </ClCompile>
    <ClCompile Include="MapDef.cpp">
      <Filter>Source Files</Filter>
    </ClCompile>
    <ClCompile Include="MapDll.cpp">
      <Filter>Source Files</Filter>
    </ClCompile>
    <ClCompile Include="me.cpp">
      <Filter>Source Files</Filter>
    </ClCompile>
    <ClCompile Include="ModuleWalker.cpp">
      <Filter>Source Files</Filter>
    </ClCompile>
    <ClCompile Include="MsgSender.cpp">
      <Filter>Source Files</Filter>
    </ClCompile>
    <ClCompile Include="npc.cpp">
      <Filter>Source Files</Filter>
    </ClCompile>
    <ClCompile Include="offsets.cpp">
      <Filter>Source Files</Filter>
    </ClCompile>
    <ClCompile Include="PathFinder.cpp">
      <Filter>Source Files</Filter>
    </ClCompile>
    <ClCompile Include="properties.cpp">
      <Filter>Source Files</Filter>
    </ClCompile>
    <ClCompile Include="screen.cpp">
      <Filter>Source Files</Filter>
    </ClCompile>
    <ClCompile Include="ScrollDraw.cpp">
      <Filter>Source Files</Filter>
    </ClCompile>
    <ClCompile Include="SpellDef.cpp">
      <Filter>Source Files</Filter>
    </ClCompile>
    <ClCompile Include="..\Includes\Utilities\StateTicker.cpp">
      <Filter>Source Files</Filter>
    </ClCompile>
  </ItemGroup>
  <ItemGroup>
    <ClInclude Include="..\Includes\CommonStructs.h">
      <Filter>Header Files</Filter>
    </ClInclude>
    <ClInclude Include="..\Includes\D2HackIt.h">
      <Filter>Header Files</Filter>
    </ClInclude>
    <ClInclude Include="D2HackItServer.h">
      <Filter>Header Files</Filter>
    </ClInclude>
    <ClInclude Include="..\Includes\ItemPrefix.h">
      <Filter>Header Files</Filter>
    </ClInclude>
    <ClInclude Include="..\Includes\ItemSuffix.h">
      <Filter>Header Files</Filter>
    </ClInclude>
    <ClInclude Include="..\Includes\LinkedList\LinkedList.h">
      <Filter>Header Files</Filter>
    </ClInclude>
    <ClInclude Include="ServerStructs.h">
      <Filter>Header Files</Filter>
    </ClInclude>
    <ClInclude Include="AffectionDef.h">
      <Filter>Header Files</Filter>
    </ClInclude>
    <ClInclude Include="BitFields.h">
      <Filter>Header Files</Filter>
    </ClInclude>
    <ClInclude Include="criticalSections.h">
      <Filter>Header Files</Filter>
    </ClInclude>
    <ClInclude Include="d2functions.h">
      <Filter>Header Files</Filter>
    </ClInclude>
    <ClInclude Include="D2Ptrs.h">
      <Filter>Header Files</Filter>
    </ClInclude>
    <ClInclude Include="definitions.h">
      <Filter>Header Files</Filter>
    </ClInclude>
    <ClInclude Include="Inventory.h">
      <Filter>Header Files</Filter>
    </ClInclude>
    <ClInclude Include="item.h">
      <Filter>Header Files</Filter>
    </ClInclude>
    <ClInclude Include="KeyDef.h">
      <Filter>Header Files</Filter>
    </ClInclude>
    <ClInclude Include="MapDef.h">
      <Filter>Header Files</Filter>
    </ClInclude>
    <ClInclude Include="MapDll.h">
      <Filter>Header Files</Filter>
    </ClInclude>
    <ClInclude Include="me.h">
      <Filter>Header Files</Filter>
    </ClInclude>
    <ClInclude Include="ModuleWalker.h">
      <Filter>Header Files</Filter>
    </ClInclude>
    <ClInclude Include="MsgSender.h">
      <Filter>Header Files</Filter>
    </ClInclude>
    <ClInclude Include="npc.h">
      <Filter>Header Files</Filter>
    </ClInclude>
    <ClInclude Include="PathFinder.h">
      <Filter>Header Files</Filter>
    </ClInclude>
    <ClInclude Include="properties.h">
      <Filter>Header Files</Filter>
    </ClInclude>
    <ClInclude Include="ScrollDraw.h">
      <Filter>Header Files</Filter>
    </ClInclude>
    <ClInclude Include="Server20.h">
      <Filter>Header Files</Filter>
    </ClInclude>
    <ClInclude Include="SpellDef.h">
      <Filter>Header Files</Filter>
    </ClInclude>
  </ItemGroup>
  <ItemGroup>
    <None Include="Resources\Armor.txt">
      <Filter>Resources</Filter>
    </None>
    <None Include="Resources\D2HackIt.ini">
      <Filter>Resources</Filter>
    </None>
    <None Include="Resources\MagicPrefix_all.txt">
      <Filter>Resources</Filter>
    </None>
    <None Include="Resources\MagicSuffix_all.txt">
      <Filter>Resources</Filter>
    </None>
    <None Include="Resources\Sets.txt">
      <Filter>Resources</Filter>
    </None>
    <None Include="Resources\Weapons.txt">
      <Filter>Resources</Filter>
    </None>
  </ItemGroup>
</Project>