
Microsoft Visual Studio Solution File, Format Version 11.00
# Visual Studio 2010
Project("{8BC9CEB8-8B4A-11D0-8D11-00A0C91BC942}") = "D2HackIt", "D2HackIt\D2HackIt.vcxproj", "{898D8E93-EA8A-48A3-B052-1822DF4209B5}"
EndProject
Global
	GlobalSection(SubversionScc) = preSolution
		Svn-Managed = True
		Manager = AnkhSVN - Subversion Support for Visual Studio
	EndGlobalSection
	GlobalSection(SolutionConfigurationPlatforms) = preSolution
		Debug|Win32 = Debug|Win32
		Release|Win32 = Release|Win32
	EndGlobalSection
	GlobalSection(ProjectConfigurationPlatforms) = postSolution
		{898D8E93-EA8A-48A3-B052-1822DF4209B5}.Debug|Win32.ActiveCfg = Debug|Win32
		{898D8E93-EA8A-48A3-B052-1822DF4209B5}.Debug|Win32.Build.0 = Debug|Win32
		{898D8E93-EA8A-48A3-B052-1822DF4209B5}.Release|Win32.ActiveCfg = Release|Win32
		{898D8E93-EA8A-48A3-B052-1822DF4209B5}.Release|Win32.Build.0 = Release|Win32
	EndGlobalSection
	GlobalSection(SolutionProperties) = preSolution
		HideSolutionNode = FALSE
	EndGlobalSection
EndGlobal
