
Microsoft Visual Studio Solution File, Format Version 12.00
# Visual Studio 2012
Project("{8BC9CEB8-8B4A-11D0-8D11-00A0C91BC942}") = "D2HackIt", "..\Core\D2HackIt.vcxproj", "{898D8E93-EA8A-48A3-B052-1822DF4209B5}"
EndProject
Project("{2150E333-8FDC-42A3-9474-1A3956D46DE8}") = "Core", "Core", "{04B15F92-1FDF-4FDB-91D6-B9E54D5AAC4B}"
EndProject
Project("{2150E333-8FDC-42A3-9474-1A3956D46DE8}") = "Modules", "Modules", "{B633F61A-62D5-4159-BA82-8C17FFE77E9C}"
EndProject
Project("{8BC9CEB8-8B4A-11D0-8D11-00A0C91BC942}") = "AmmoGuard", "..\Modules\ammoGuard\AmmoGuard.vcxproj", "{00741E7E-B097-4054-B666-E9D9EECC4B75}"
EndProject
Project("{8BC9CEB8-8B4A-11D0-8D11-00A0C91BC942}") = "autoAccept", "..\Modules\autoAccept\autoAccept.vcxproj", "{2CC959AF-A6FD-4FC8-89FD-7308708D1D63}"
EndProject
Project("{8BC9CEB8-8B4A-11D0-8D11-00A0C91BC942}") = "autoExtractor", "..\Modules\autoExtractor\autoExtractor.vcxproj", "{D92FD3C9-082F-4DFB-B414-3538D1F9DE24}"
EndProject
Project("{8BC9CEB8-8B4A-11D0-8D11-00A0C91BC942}") = "AutoReroll", "..\Modules\autoReroll\AutoReroll.vcxproj", "{C3471967-795E-4068-8F47-1601556945F3}"
EndProject
Project("{8BC9CEB8-8B4A-11D0-8D11-00A0C91BC942}") = "AutostockAutoextract", "..\Modules\autostockAutoextract\AutostockAutoextract.vcxproj", "{832CC150-B3EA-4201-9D17-90C6FD82F73A}"
EndProject
Project("{8BC9CEB8-8B4A-11D0-8D11-00A0C91BC942}") = "autoStocker", "..\Modules\autoStocker\autoStocker.vcxproj", "{A54D7C7F-7217-4447-8996-98DBF93EF41C}"
EndProject
Project("{8BC9CEB8-8B4A-11D0-8D11-00A0C91BC942}") = "buffMe", "..\Modules\buffMe\buffMe.vcxproj", "{C8ABBE8F-8A04-48FF-9717-4213435870AD}"
EndProject
Project("{8BC9CEB8-8B4A-11D0-8D11-00A0C91BC942}") = "dstoneClicker", "..\Modules\dstoneClicker\dstoneClicker.vcxproj", "{443BAA05-BE71-4C52-BD09-635B52479205}"
EndProject
Project("{8BC9CEB8-8B4A-11D0-8D11-00A0C91BC942}") = "emptyCube", "..\Modules\emptyCube\emptyCube.vcxproj", "{2B4AFF46-945E-4ECB-9ED0-AAD23B78B287}"
EndProject
Project("{8BC9CEB8-8B4A-11D0-8D11-00A0C91BC942}") = "exp", "..\Modules\exp\exp.vcxproj", "{25A3E514-AAD2-4A82-BFFA-E976B3BBDCB8}"
EndProject
Project("{8BC9CEB8-8B4A-11D0-8D11-00A0C91BC942}") = "filter", "..\Modules\filter\filter.vcxproj", "{59296043-C30A-4555-8761-04262E69C05F}"
EndProject
Project("{8BC9CEB8-8B4A-11D0-8D11-00A0C91BC942}") = "flee", "..\Modules\flee\flee.vcxproj", "{37A4CA46-4CD5-4AFF-8FF2-67DB0A10A4BA}"
EndProject
Project("{8BC9CEB8-8B4A-11D0-8D11-00A0C91BC942}") = "gamble", "..\Modules\gamble\gamble.vcxproj", "{F33E0589-8CEC-4C82-B311-0BB02DF879A9}"
EndProject
Project("{8BC9CEB8-8B4A-11D0-8D11-00A0C91BC942}") = "hotkey", "..\Modules\hotkey\hotkey.vcxproj", "{EA693B6D-81C2-4CB7-83C8-5D43CDAC1036}"
EndProject
Project("{8BC9CEB8-8B4A-11D0-8D11-00A0C91BC942}") = "Pick", "..\Modules\pick\GoldPicker.vcxproj", "{2F623A55-3EB5-4E12-A787-702275D559F3}"
EndProject
Project("{8BC9CEB8-8B4A-11D0-8D11-00A0C91BC942}") = "RuneDowngrade", "..\Modules\RuneDowngrade\RuneDowngrade.vcxproj", "{70666622-F543-4F1A-AE9C-1EDB382CE3F2}"
EndProject
Project("{8BC9CEB8-8B4A-11D0-8D11-00A0C91BC942}") = "shopbot", "..\Modules\shopbot\shopbot.vcxproj", "{4E17A5AB-AABB-4FCC-9544-A9327563B0BC}"
EndProject
Project("{8BC9CEB8-8B4A-11D0-8D11-00A0C91BC942}") = "StateFix", "..\Modules\StateFix\StateFix.vcxproj", "{F964818F-9DA4-47DD-B3F2-EB6DF0C175DC}"
EndProject
Project("{8BC9CEB8-8B4A-11D0-8D11-00A0C91BC942}") = "transmute", "..\Modules\transmute\transmute.vcxproj", "{E6F0F48D-3BDF-4D4C-B198-20CA750E201E}"
EndProject
Project("{8BC9CEB8-8B4A-11D0-8D11-00A0C91BC942}") = "waypoint", "..\Modules\waypoint\waypoint.vcxproj", "{48DDFD5B-7097-4C3F-ADCA-CE8E720E17AC}"
EndProject
Project("{8BC9CEB8-8B4A-11D0-8D11-00A0C91BC942}") = "bot", "..\Modules\bot\bot.vcxproj", "{52592CEE-29BC-4723-A838-F4784E691334}"
EndProject
Global
	GlobalSection(SolutionConfigurationPlatforms) = preSolution
		Debug|Win32 = Debug|Win32
		Release|Win32 = Release|Win32
	EndGlobalSection
	GlobalSection(ProjectConfigurationPlatforms) = postSolution
		{898D8E93-EA8A-48A3-B052-1822DF4209B5}.Debug|Win32.ActiveCfg = Debug|Win32
		{898D8E93-EA8A-48A3-B052-1822DF4209B5}.Debug|Win32.Build.0 = Debug|Win32
		{898D8E93-EA8A-48A3-B052-1822DF4209B5}.Release|Win32.ActiveCfg = Release|Win32
		{898D8E93-EA8A-48A3-B052-1822DF4209B5}.Release|Win32.Build.0 = Release|Win32
		{00741E7E-B097-4054-B666-E9D9EECC4B75}.Debug|Win32.ActiveCfg = Debug|Win32
		{00741E7E-B097-4054-B666-E9D9EECC4B75}.Debug|Win32.Build.0 = Debug|Win32
		{00741E7E-B097-4054-B666-E9D9EECC4B75}.Release|Win32.ActiveCfg = Release|Win32
		{00741E7E-B097-4054-B666-E9D9EECC4B75}.Release|Win32.Build.0 = Release|Win32
		{2CC959AF-A6FD-4FC8-89FD-7308708D1D63}.Debug|Win32.ActiveCfg = Debug|Win32
		{2CC959AF-A6FD-4FC8-89FD-7308708D1D63}.Debug|Win32.Build.0 = Debug|Win32
		{2CC959AF-A6FD-4FC8-89FD-7308708D1D63}.Release|Win32.ActiveCfg = Release|Win32
		{2CC959AF-A6FD-4FC8-89FD-7308708D1D63}.Release|Win32.Build.0 = Release|Win32
		{D92FD3C9-082F-4DFB-B414-3538D1F9DE24}.Debug|Win32.ActiveCfg = Debug|Win32
		{D92FD3C9-082F-4DFB-B414-3538D1F9DE24}.Debug|Win32.Build.0 = Debug|Win32
		{D92FD3C9-082F-4DFB-B414-3538D1F9DE24}.Release|Win32.ActiveCfg = Release|Win32
		{D92FD3C9-082F-4DFB-B414-3538D1F9DE24}.Release|Win32.Build.0 = Release|Win32
		{C3471967-795E-4068-8F47-1601556945F3}.Debug|Win32.ActiveCfg = Debug|Win32
		{C3471967-795E-4068-8F47-1601556945F3}.Debug|Win32.Build.0 = Debug|Win32
		{C3471967-795E-4068-8F47-1601556945F3}.Release|Win32.ActiveCfg = Release|Win32
		{C3471967-795E-4068-8F47-1601556945F3}.Release|Win32.Build.0 = Release|Win32
		{832CC150-B3EA-4201-9D17-90C6FD82F73A}.Debug|Win32.ActiveCfg = Debug|Win32
		{832CC150-B3EA-4201-9D17-90C6FD82F73A}.Debug|Win32.Build.0 = Debug|Win32
		{832CC150-B3EA-4201-9D17-90C6FD82F73A}.Release|Win32.ActiveCfg = Release|Win32
		{832CC150-B3EA-4201-9D17-90C6FD82F73A}.Release|Win32.Build.0 = Release|Win32
		{A54D7C7F-7217-4447-8996-98DBF93EF41C}.Debug|Win32.ActiveCfg = Debug|Win32
		{A54D7C7F-7217-4447-8996-98DBF93EF41C}.Debug|Win32.Build.0 = Debug|Win32
		{A54D7C7F-7217-4447-8996-98DBF93EF41C}.Release|Win32.ActiveCfg = Release|Win32
		{A54D7C7F-7217-4447-8996-98DBF93EF41C}.Release|Win32.Build.0 = Release|Win32
		{C8ABBE8F-8A04-48FF-9717-4213435870AD}.Debug|Win32.ActiveCfg = Debug|Win32
		{C8ABBE8F-8A04-48FF-9717-4213435870AD}.Debug|Win32.Build.0 = Debug|Win32
		{C8ABBE8F-8A04-48FF-9717-4213435870AD}.Release|Win32.ActiveCfg = Release|Win32
		{C8ABBE8F-8A04-48FF-9717-4213435870AD}.Release|Win32.Build.0 = Release|Win32
		{443BAA05-BE71-4C52-BD09-635B52479205}.Debug|Win32.ActiveCfg = Debug|Win32
		{443BAA05-BE71-4C52-BD09-635B52479205}.Debug|Win32.Build.0 = Debug|Win32
		{443BAA05-BE71-4C52-BD09-635B52479205}.Release|Win32.ActiveCfg = Release|Win32
		{443BAA05-BE71-4C52-BD09-635B52479205}.Release|Win32.Build.0 = Release|Win32
		{2B4AFF46-945E-4ECB-9ED0-AAD23B78B287}.Debug|Win32.ActiveCfg = Debug|Win32
		{2B4AFF46-945E-4ECB-9ED0-AAD23B78B287}.Debug|Win32.Build.0 = Debug|Win32
		{2B4AFF46-945E-4ECB-9ED0-AAD23B78B287}.Release|Win32.ActiveCfg = Release|Win32
		{2B4AFF46-945E-4ECB-9ED0-AAD23B78B287}.Release|Win32.Build.0 = Release|Win32
		{25A3E514-AAD2-4A82-BFFA-E976B3BBDCB8}.Debug|Win32.ActiveCfg = Debug|Win32
		{25A3E514-AAD2-4A82-BFFA-E976B3BBDCB8}.Debug|Win32.Build.0 = Debug|Win32
		{25A3E514-AAD2-4A82-BFFA-E976B3BBDCB8}.Release|Win32.ActiveCfg = Release|Win32
		{25A3E514-AAD2-4A82-BFFA-E976B3BBDCB8}.Release|Win32.Build.0 = Release|Win32
		{59296043-C30A-4555-8761-04262E69C05F}.Debug|Win32.ActiveCfg = Debug|Win32
		{59296043-C30A-4555-8761-04262E69C05F}.Debug|Win32.Build.0 = Debug|Win32
		{59296043-C30A-4555-8761-04262E69C05F}.Release|Win32.ActiveCfg = Release|Win32
		{59296043-C30A-4555-8761-04262E69C05F}.Release|Win32.Build.0 = Release|Win32
		{37A4CA46-4CD5-4AFF-8FF2-67DB0A10A4BA}.Debug|Win32.ActiveCfg = Debug|Win32
		{37A4CA46-4CD5-4AFF-8FF2-67DB0A10A4BA}.Debug|Win32.Build.0 = Debug|Win32
		{37A4CA46-4CD5-4AFF-8FF2-67DB0A10A4BA}.Release|Win32.ActiveCfg = Release|Win32
		{37A4CA46-4CD5-4AFF-8FF2-67DB0A10A4BA}.Release|Win32.Build.0 = Release|Win32
		{F33E0589-8CEC-4C82-B311-0BB02DF879A9}.Debug|Win32.ActiveCfg = Debug|Win32
		{F33E0589-8CEC-4C82-B311-0BB02DF879A9}.Debug|Win32.Build.0 = Debug|Win32
		{F33E0589-8CEC-4C82-B311-0BB02DF879A9}.Release|Win32.ActiveCfg = Release|Win32
		{F33E0589-8CEC-4C82-B311-0BB02DF879A9}.Release|Win32.Build.0 = Release|Win32
		{EA693B6D-81C2-4CB7-83C8-5D43CDAC1036}.Debug|Win32.ActiveCfg = Debug|Win32
		{EA693B6D-81C2-4CB7-83C8-5D43CDAC1036}.Debug|Win32.Build.0 = Debug|Win32
		{EA693B6D-81C2-4CB7-83C8-5D43CDAC1036}.Release|Win32.ActiveCfg = Release|Win32
		{EA693B6D-81C2-4CB7-83C8-5D43CDAC1036}.Release|Win32.Build.0 = Release|Win32
		{2F623A55-3EB5-4E12-A787-702275D559F3}.Debug|Win32.ActiveCfg = Debug|Win32
		{2F623A55-3EB5-4E12-A787-702275D559F3}.Debug|Win32.Build.0 = Debug|Win32
		{2F623A55-3EB5-4E12-A787-702275D559F3}.Release|Win32.ActiveCfg = Release|Win32
		{2F623A55-3EB5-4E12-A787-702275D559F3}.Release|Win32.Build.0 = Release|Win32
		{70666622-F543-4F1A-AE9C-1EDB382CE3F2}.Debug|Win32.ActiveCfg = Debug|Win32
		{70666622-F543-4F1A-AE9C-1EDB382CE3F2}.Debug|Win32.Build.0 = Debug|Win32
		{70666622-F543-4F1A-AE9C-1EDB382CE3F2}.Release|Win32.ActiveCfg = Release|Win32
		{70666622-F543-4F1A-AE9C-1EDB382CE3F2}.Release|Win32.Build.0 = Release|Win32
		{4E17A5AB-AABB-4FCC-9544-A9327563B0BC}.Debug|Win32.ActiveCfg = Debug|Win32
		{4E17A5AB-AABB-4FCC-9544-A9327563B0BC}.Debug|Win32.Build.0 = Debug|Win32
		{4E17A5AB-AABB-4FCC-9544-A9327563B0BC}.Release|Win32.ActiveCfg = Release|Win32
		{4E17A5AB-AABB-4FCC-9544-A9327563B0BC}.Release|Win32.Build.0 = Release|Win32
		{F964818F-9DA4-47DD-B3F2-EB6DF0C175DC}.Debug|Win32.ActiveCfg = Debug|Win32
		{F964818F-9DA4-47DD-B3F2-EB6DF0C175DC}.Debug|Win32.Build.0 = Debug|Win32
		{F964818F-9DA4-47DD-B3F2-EB6DF0C175DC}.Release|Win32.ActiveCfg = Release|Win32
		{F964818F-9DA4-47DD-B3F2-EB6DF0C175DC}.Release|Win32.Build.0 = Release|Win32
		{E6F0F48D-3BDF-4D4C-B198-20CA750E201E}.Debug|Win32.ActiveCfg = Debug|Win32
		{E6F0F48D-3BDF-4D4C-B198-20CA750E201E}.Debug|Win32.Build.0 = Debug|Win32
		{E6F0F48D-3BDF-4D4C-B198-20CA750E201E}.Release|Win32.ActiveCfg = Release|Win32
		{E6F0F48D-3BDF-4D4C-B198-20CA750E201E}.Release|Win32.Build.0 = Release|Win32
		{48DDFD5B-7097-4C3F-ADCA-CE8E720E17AC}.Debug|Win32.ActiveCfg = Debug|Win32
		{48DDFD5B-7097-4C3F-ADCA-CE8E720E17AC}.Debug|Win32.Build.0 = Debug|Win32
		{48DDFD5B-7097-4C3F-ADCA-CE8E720E17AC}.Release|Win32.ActiveCfg = Release|Win32
		{48DDFD5B-7097-4C3F-ADCA-CE8E720E17AC}.Release|Win32.Build.0 = Release|Win32
		{52592CEE-29BC-4723-A838-F4784E691334}.Debug|Win32.ActiveCfg = Debug|Win32
		{52592CEE-29BC-4723-A838-F4784E691334}.Debug|Win32.Build.0 = Debug|Win32
		{52592CEE-29BC-4723-A838-F4784E691334}.Release|Win32.ActiveCfg = Release|Win32
		{52592CEE-29BC-4723-A838-F4784E691334}.Release|Win32.Build.0 = Release|Win32
	EndGlobalSection
	GlobalSection(SolutionProperties) = preSolution
		HideSolutionNode = FALSE
	EndGlobalSection
	GlobalSection(NestedProjects) = preSolution
		{898D8E93-EA8A-48A3-B052-1822DF4209B5} = {04B15F92-1FDF-4FDB-91D6-B9E54D5AAC4B}
		{00741E7E-B097-4054-B666-E9D9EECC4B75} = {B633F61A-62D5-4159-BA82-8C17FFE77E9C}
		{2CC959AF-A6FD-4FC8-89FD-7308708D1D63} = {B633F61A-62D5-4159-BA82-8C17FFE77E9C}
		{D92FD3C9-082F-4DFB-B414-3538D1F9DE24} = {B633F61A-62D5-4159-BA82-8C17FFE77E9C}
		{C3471967-795E-4068-8F47-1601556945F3} = {B633F61A-62D5-4159-BA82-8C17FFE77E9C}
		{832CC150-B3EA-4201-9D17-90C6FD82F73A} = {B633F61A-62D5-4159-BA82-8C17FFE77E9C}
		{A54D7C7F-7217-4447-8996-98DBF93EF41C} = {B633F61A-62D5-4159-BA82-8C17FFE77E9C}
		{C8ABBE8F-8A04-48FF-9717-4213435870AD} = {B633F61A-62D5-4159-BA82-8C17FFE77E9C}
		{443BAA05-BE71-4C52-BD09-635B52479205} = {B633F61A-62D5-4159-BA82-8C17FFE77E9C}
		{2B4AFF46-945E-4ECB-9ED0-AAD23B78B287} = {B633F61A-62D5-4159-BA82-8C17FFE77E9C}
		{25A3E514-AAD2-4A82-BFFA-E976B3BBDCB8} = {B633F61A-62D5-4159-BA82-8C17FFE77E9C}
		{59296043-C30A-4555-8761-04262E69C05F} = {B633F61A-62D5-4159-BA82-8C17FFE77E9C}
		{37A4CA46-4CD5-4AFF-8FF2-67DB0A10A4BA} = {B633F61A-62D5-4159-BA82-8C17FFE77E9C}
		{F33E0589-8CEC-4C82-B311-0BB02DF879A9} = {B633F61A-62D5-4159-BA82-8C17FFE77E9C}
		{EA693B6D-81C2-4CB7-83C8-5D43CDAC1036} = {B633F61A-62D5-4159-BA82-8C17FFE77E9C}
		{2F623A55-3EB5-4E12-A787-702275D559F3} = {B633F61A-62D5-4159-BA82-8C17FFE77E9C}
		{70666622-F543-4F1A-AE9C-1EDB382CE3F2} = {B633F61A-62D5-4159-BA82-8C17FFE77E9C}
		{4E17A5AB-AABB-4FCC-9544-A9327563B0BC} = {B633F61A-62D5-4159-BA82-8C17FFE77E9C}
		{F964818F-9DA4-47DD-B3F2-EB6DF0C175DC} = {B633F61A-62D5-4159-BA82-8C17FFE77E9C}
		{E6F0F48D-3BDF-4D4C-B198-20CA750E201E} = {B633F61A-62D5-4159-BA82-8C17FFE77E9C}
		{48DDFD5B-7097-4C3F-ADCA-CE8E720E17AC} = {B633F61A-62D5-4159-BA82-8C17FFE77E9C}
		{52592CEE-29BC-4723-A838-F4784E691334} = {B633F61A-62D5-4159-BA82-8C17FFE77E9C}
	EndGlobalSection
EndGlobal
